
Microsoft Visual Studio Solution File, Format Version 12.00
# Visual Studio 15
VisualStudioVersion = 15.0.27428.2037
MinimumVisualStudioVersion = 10.0.40219.1
Project("{8BC9CEB8-8B4A-11D0-8D11-00A0C91BC942}") = "Linear Search 2", "Linear Search 2\Linear Search 2.vcxproj", "{07EF9A61-0ACC-4B0B-8E0A-9AAAF26867F5}"
EndProject
Global
	GlobalSection(SolutionConfigurationPlatforms) = preSolution
		Debug|x64 = Debug|x64
		Debug|x86 = Debug|x86
		Release|x64 = Release|x64
		Release|x86 = Release|x86
	EndGlobalSection
	GlobalSection(ProjectConfigurationPlatforms) = postSolution
		{07EF9A61-0ACC-4B0B-8E0A-9AAAF26867F5}.Debug|x64.ActiveCfg = Debug|x64
		{07EF9A61-0ACC-4B0B-8E0A-9AAAF26867F5}.Debug|x64.Build.0 = Debug|x64
		{07EF9A61-0ACC-4B0B-8E0A-9AAAF26867F5}.Debug|x86.ActiveCfg = Debug|Win32
		{07EF9A61-0ACC-4B0B-8E0A-9AAAF26867F5}.Debug|x86.Build.0 = Debug|Win32
		{07EF9A61-0ACC-4B0B-8E0A-9AAAF26867F5}.Release|x64.ActiveCfg = Release|x64
		{07EF9A61-0ACC-4B0B-8E0A-9AAAF26867F5}.Release|x64.Build.0 = Release|x64
		{07EF9A61-0ACC-4B0B-8E0A-9AAAF26867F5}.Release|x86.ActiveCfg = Release|Win32
		{07EF9A61-0ACC-4B0B-8E0A-9AAAF26867F5}.Release|x86.Build.0 = Release|Win32
	EndGlobalSection
	GlobalSection(SolutionProperties) = preSolution
		HideSolutionNode = FALSE
	EndGlobalSection
	GlobalSection(ExtensibilityGlobals) = postSolution
		SolutionGuid = {F9474701-D98F-40D4-AA3D-ED1DCC50677F}
	EndGlobalSection
EndGlobal
